// !$*UTF8*$!
{
	archiveVersion = 1;
	classes = {
	};
	objectVersion = 50;
	objects = {

/* Begin PBXBuildFile section */
		AD35514925CE5B1200556C0C /* ResultViewController.swift in Sources */ = {isa = PBXBuildFile; fileRef = AD35514825CE5B1200556C0C /* ResultViewController.swift */; };
		ADE0DB8425CEEE6800A9F30E /* SCNVector3+CalculateDistance.swift in Sources */ = {isa = PBXBuildFile; fileRef = ADE0DB8325CEEE6800A9F30E /* SCNVector3+CalculateDistance.swift */; };
		D018DC1325BF310D009D3CDC /* UIColor+Extensions.swift in Sources */ = {isa = PBXBuildFile; fileRef = D018DC1225BF310D009D3CDC /* UIColor+Extensions.swift */; };
		D018DC1725BF3FBA009D3CDC /* UIView+AutoLayout.swift in Sources */ = {isa = PBXBuildFile; fileRef = D018DC1625BF3FBA009D3CDC /* UIView+AutoLayout.swift */; };
		D07D4F2B25CAE0F10051376C /* ResultImageView.swift in Sources */ = {isa = PBXBuildFile; fileRef = D07D4F2A25CAE0F10051376C /* ResultImageView.swift */; };
		D07D4F2E25CAE1170051376C /* ResultImageView+Drawing.swift in Sources */ = {isa = PBXBuildFile; fileRef = D07D4F2D25CAE1170051376C /* ResultImageView+Drawing.swift */; };
		D07D4F3125CAE1310051376C /* Coordinate.swift in Sources */ = {isa = PBXBuildFile; fileRef = D07D4F3025CAE1310051376C /* Coordinate.swift */; };
		D07D4F3425CAE1560051376C /* UIView+ConvertToImage.swift in Sources */ = {isa = PBXBuildFile; fileRef = D07D4F3325CAE1560051376C /* UIView+ConvertToImage.swift */; };
		D07D4F3725CAE17F0051376C /* CoordinateManager.swift in Sources */ = {isa = PBXBuildFile; fileRef = D07D4F3625CAE17F0051376C /* CoordinateManager.swift */; };
		D08DAED625BF61F80014D1A8 /* BranchNode.swift in Sources */ = {isa = PBXBuildFile; fileRef = D08DAED525BF61F80014D1A8 /* BranchNode.swift */; };
		D0CF294925BF13C4002347EA /* DotNode.swift in Sources */ = {isa = PBXBuildFile; fileRef = D0CF294825BF13C4002347EA /* DotNode.swift */; };
		D0EB30BC25BDC22900F83325 /* AppDelegate.swift in Sources */ = {isa = PBXBuildFile; fileRef = D0EB30BB25BDC22900F83325 /* AppDelegate.swift */; };
		D0EB30BE25BDC22900F83325 /* art.scnassets in Resources */ = {isa = PBXBuildFile; fileRef = D0EB30BD25BDC22900F83325 /* art.scnassets */; };
		D0EB30C025BDC22900F83325 /* MappingViewController.swift in Sources */ = {isa = PBXBuildFile; fileRef = D0EB30BF25BDC22900F83325 /* MappingViewController.swift */; };
		D0EB30C525BDC22C00F83325 /* Assets.xcassets in Resources */ = {isa = PBXBuildFile; fileRef = D0EB30C425BDC22C00F83325 /* Assets.xcassets */; };
		D0EB30C825BDC22C00F83325 /* LaunchScreen.storyboard in Resources */ = {isa = PBXBuildFile; fileRef = D0EB30C625BDC22C00F83325 /* LaunchScreen.storyboard */; };
		D0EB30D325BDCA5B00F83325 /* PlaneNode.swift in Sources */ = {isa = PBXBuildFile; fileRef = D0EB30D225BDCA5B00F83325 /* PlaneNode.swift */; };
/* End PBXBuildFile section */

/* Begin PBXFileReference section */
		AD35514825CE5B1200556C0C /* ResultViewController.swift */ = {isa = PBXFileReference; lastKnownFileType = sourcecode.swift; path = ResultViewController.swift; sourceTree = "<group>"; };
		ADE0DB8325CEEE6800A9F30E /* SCNVector3+CalculateDistance.swift */ = {isa = PBXFileReference; lastKnownFileType = sourcecode.swift; path = "SCNVector3+CalculateDistance.swift"; sourceTree = "<group>"; };
		D018DC1225BF310D009D3CDC /* UIColor+Extensions.swift */ = {isa = PBXFileReference; lastKnownFileType = sourcecode.swift; path = "UIColor+Extensions.swift"; sourceTree = "<group>"; };
		D018DC1625BF3FBA009D3CDC /* UIView+AutoLayout.swift */ = {isa = PBXFileReference; lastKnownFileType = sourcecode.swift; path = "UIView+AutoLayout.swift"; sourceTree = "<group>"; };
		D07D4F2A25CAE0F10051376C /* ResultImageView.swift */ = {isa = PBXFileReference; lastKnownFileType = sourcecode.swift; path = ResultImageView.swift; sourceTree = "<group>"; };
		D07D4F2D25CAE1170051376C /* ResultImageView+Drawing.swift */ = {isa = PBXFileReference; lastKnownFileType = sourcecode.swift; path = "ResultImageView+Drawing.swift"; sourceTree = "<group>"; };
		D07D4F3025CAE1310051376C /* Coordinate.swift */ = {isa = PBXFileReference; lastKnownFileType = sourcecode.swift; path = Coordinate.swift; sourceTree = "<group>"; };
		D07D4F3325CAE1560051376C /* UIView+ConvertToImage.swift */ = {isa = PBXFileReference; lastKnownFileType = sourcecode.swift; path = "UIView+ConvertToImage.swift"; sourceTree = "<group>"; };
		D07D4F3625CAE17F0051376C /* CoordinateManager.swift */ = {isa = PBXFileReference; lastKnownFileType = sourcecode.swift; path = CoordinateManager.swift; sourceTree = "<group>"; };
		D08DAED525BF61F80014D1A8 /* BranchNode.swift */ = {isa = PBXFileReference; lastKnownFileType = sourcecode.swift; path = BranchNode.swift; sourceTree = "<group>"; };
		D0CF294825BF13C4002347EA /* DotNode.swift */ = {isa = PBXFileReference; lastKnownFileType = sourcecode.swift; path = DotNode.swift; sourceTree = "<group>"; };
		D0EB30B825BDC22900F83325 /* ARKit_LIFULL_MISSION.app */ = {isa = PBXFileReference; explicitFileType = wrapper.application; includeInIndex = 0; path = ARKit_LIFULL_MISSION.app; sourceTree = BUILT_PRODUCTS_DIR; };
		D0EB30BB25BDC22900F83325 /* AppDelegate.swift */ = {isa = PBXFileReference; lastKnownFileType = sourcecode.swift; path = AppDelegate.swift; sourceTree = "<group>"; };
		D0EB30BD25BDC22900F83325 /* art.scnassets */ = {isa = PBXFileReference; lastKnownFileType = wrapper.scnassets; path = art.scnassets; sourceTree = "<group>"; };
		D0EB30BF25BDC22900F83325 /* MappingViewController.swift */ = {isa = PBXFileReference; lastKnownFileType = sourcecode.swift; path = MappingViewController.swift; sourceTree = "<group>"; };
		D0EB30C425BDC22C00F83325 /* Assets.xcassets */ = {isa = PBXFileReference; lastKnownFileType = folder.assetcatalog; path = Assets.xcassets; sourceTree = "<group>"; };
		D0EB30C725BDC22C00F83325 /* Base */ = {isa = PBXFileReference; lastKnownFileType = file.storyboard; name = Base; path = Base.lproj/LaunchScreen.storyboard; sourceTree = "<group>"; };
		D0EB30C925BDC22C00F83325 /* Info.plist */ = {isa = PBXFileReference; lastKnownFileType = text.plist.xml; path = Info.plist; sourceTree = "<group>"; };
		D0EB30D225BDCA5B00F83325 /* PlaneNode.swift */ = {isa = PBXFileReference; lastKnownFileType = sourcecode.swift; path = PlaneNode.swift; sourceTree = "<group>"; };
/* End PBXFileReference section */

/* Begin PBXFrameworksBuildPhase section */
		D0EB30B525BDC22900F83325 /* Frameworks */ = {
			isa = PBXFrameworksBuildPhase;
			buildActionMask = 2147483647;
			files = (
			);
			runOnlyForDeploymentPostprocessing = 0;
		};
/* End PBXFrameworksBuildPhase section */

/* Begin PBXGroup section */
		ADF7D35B25CFC4B3001D6A1C /* ResultImageView */ = {
			isa = PBXGroup;
			children = (
				D07D4F2A25CAE0F10051376C /* ResultImageView.swift */,
				D07D4F2D25CAE1170051376C /* ResultImageView+Drawing.swift */,
				D07D4F3625CAE17F0051376C /* CoordinateManager.swift */,
				D07D4F3025CAE1310051376C /* Coordinate.swift */,
			);
			path = ResultImageView;
			sourceTree = "<group>";
		};
		D018DC1125BF30CD009D3CDC /* Utils */ = {
			isa = PBXGroup;
			children = (
				D018DC1225BF310D009D3CDC /* UIColor+Extensions.swift */,
				D018DC1625BF3FBA009D3CDC /* UIView+AutoLayout.swift */,
				D07D4F3325CAE1560051376C /* UIView+ConvertToImage.swift */,
				ADE0DB8325CEEE6800A9F30E /* SCNVector3+CalculateDistance.swift */,
			);
			path = Utils;
			sourceTree = "<group>";
		};
		D018DC1B25BF45A1009D3CDC /* Model */ = {
			isa = PBXGroup;
			children = (
				D0EB30D225BDCA5B00F83325 /* PlaneNode.swift */,
				D0CF294825BF13C4002347EA /* DotNode.swift */,
				D08DAED525BF61F80014D1A8 /* BranchNode.swift */,
			);
			path = Model;
			sourceTree = "<group>";
		};
		D018DC1C25BF45CA009D3CDC /* ViewController */ = {
			isa = PBXGroup;
			children = (
				D0EB30BF25BDC22900F83325 /* MappingViewController.swift */,
				AD35514825CE5B1200556C0C /* ResultViewController.swift */,
			);
			path = ViewController;
			sourceTree = "<group>";
		};
		D0EB30AF25BDC22900F83325 = {
			isa = PBXGroup;
			children = (
				D0EB30BA25BDC22900F83325 /* ARKit_LIFULL_MISSION */,
				D0EB30B925BDC22900F83325 /* Products */,
			);
			sourceTree = "<group>";
		};
		D0EB30B925BDC22900F83325 /* Products */ = {
			isa = PBXGroup;
			children = (
				D0EB30B825BDC22900F83325 /* ARKit_LIFULL_MISSION.app */,
			);
			name = Products;
			sourceTree = "<group>";
		};
		D0EB30BA25BDC22900F83325 /* ARKit_LIFULL_MISSION */ = {
			isa = PBXGroup;
			children = (
				D018DC1125BF30CD009D3CDC /* Utils */,
				D018DC1B25BF45A1009D3CDC /* Model */,
				D018DC1C25BF45CA009D3CDC /* ViewController */,
				ADF7D35B25CFC4B3001D6A1C /* ResultImageView */,
				D0EB30BB25BDC22900F83325 /* AppDelegate.swift */,
				D0EB30BD25BDC22900F83325 /* art.scnassets */,
				D0EB30C425BDC22C00F83325 /* Assets.xcassets */,
				D0EB30C625BDC22C00F83325 /* LaunchScreen.storyboard */,
				D0EB30C925BDC22C00F83325 /* Info.plist */,
			);
			path = ARKit_LIFULL_MISSION;
			sourceTree = "<group>";
		};
/* End PBXGroup section */

/* Begin PBXNativeTarget section */
		D0EB30B725BDC22900F83325 /* ARKit_LIFULL_MISSION */ = {
			isa = PBXNativeTarget;
			buildConfigurationList = D0EB30CC25BDC22C00F83325 /* Build configuration list for PBXNativeTarget "ARKit_LIFULL_MISSION" */;
			buildPhases = (
				D0EB30B425BDC22900F83325 /* Sources */,
				D0EB30B525BDC22900F83325 /* Frameworks */,
				D0EB30B625BDC22900F83325 /* Resources */,
				D01D23CD25C454CE00D0570D /* ShellScript */,
			);
			buildRules = (
			);
			dependencies = (
			);
			name = ARKit_LIFULL_MISSION;
			productName = ARKit_LIFULL_MISSION;
			productReference = D0EB30B825BDC22900F83325 /* ARKit_LIFULL_MISSION.app */;
			productType = "com.apple.product-type.application";
		};
/* End PBXNativeTarget section */

/* Begin PBXProject section */
		D0EB30B025BDC22900F83325 /* Project object */ = {
			isa = PBXProject;
			attributes = {
				LastSwiftUpdateCheck = 1230;
				LastUpgradeCheck = 1230;
				TargetAttributes = {
					D0EB30B725BDC22900F83325 = {
						CreatedOnToolsVersion = 12.3;
					};
				};
			};
			buildConfigurationList = D0EB30B325BDC22900F83325 /* Build configuration list for PBXProject "ARKit_LIFULL_MISSION" */;
			compatibilityVersion = "Xcode 9.3";
			developmentRegion = en;
			hasScannedForEncodings = 0;
			knownRegions = (
				en,
				Base,
			);
			mainGroup = D0EB30AF25BDC22900F83325;
			productRefGroup = D0EB30B925BDC22900F83325 /* Products */;
			projectDirPath = "";
			projectRoot = "";
			targets = (
				D0EB30B725BDC22900F83325 /* ARKit_LIFULL_MISSION */,
			);
		};
/* End PBXProject section */

/* Begin PBXResourcesBuildPhase section */
		D0EB30B625BDC22900F83325 /* Resources */ = {
			isa = PBXResourcesBuildPhase;
			buildActionMask = 2147483647;
			files = (
				D0EB30BE25BDC22900F83325 /* art.scnassets in Resources */,
				D0EB30C825BDC22C00F83325 /* LaunchScreen.storyboard in Resources */,
				D0EB30C525BDC22C00F83325 /* Assets.xcassets in Resources */,
			);
			runOnlyForDeploymentPostprocessing = 0;
		};
/* End PBXResourcesBuildPhase section */

/* Begin PBXShellScriptBuildPhase section */
		D01D23CD25C454CE00D0570D /* ShellScript */ = {
			isa = PBXShellScriptBuildPhase;
			buildActionMask = 2147483647;
			files = (
			);
			inputFileListPaths = (
			);
			inputPaths = (
			);
			outputFileListPaths = (
			);
			outputPaths = (
			);
			runOnlyForDeploymentPostprocessing = 0;
			shellPath = /bin/sh;
			shellScript = "if which swiftlint >/dev/null; then\n  swiftlint autocorrect --format\n  swiftlint\nelse\n  echo \"SwiftLint does not exist, download from https://github.com/realm/SwiftLint\"\nfi\n";
		};
/* End PBXShellScriptBuildPhase section */

/* Begin PBXSourcesBuildPhase section */
		D0EB30B425BDC22900F83325 /* Sources */ = {
			isa = PBXSourcesBuildPhase;
			buildActionMask = 2147483647;
			files = (
				AD35514925CE5B1200556C0C /* ResultViewController.swift in Sources */,
				ADE0DB8425CEEE6800A9F30E /* SCNVector3+CalculateDistance.swift in Sources */,
				D018DC1325BF310D009D3CDC /* UIColor+Extensions.swift in Sources */,
				D0EB30C025BDC22900F83325 /* MappingViewController.swift in Sources */,
				D018DC1725BF3FBA009D3CDC /* UIView+AutoLayout.swift in Sources */,
				D0CF294925BF13C4002347EA /* DotNode.swift in Sources */,
				D0EB30D325BDCA5B00F83325 /* PlaneNode.swift in Sources */,
				D07D4F2B25CAE0F10051376C /* ResultImageView.swift in Sources */,
				D0EB30BC25BDC22900F83325 /* AppDelegate.swift in Sources */,
				D08DAED625BF61F80014D1A8 /* BranchNode.swift in Sources */,
				D07D4F2E25CAE1170051376C /* ResultImageView+Drawing.swift in Sources */,
				D07D4F3725CAE17F0051376C /* CoordinateManager.swift in Sources */,
				D07D4F3125CAE1310051376C /* Coordinate.swift in Sources */,
				D07D4F3425CAE1560051376C /* UIView+ConvertToImage.swift in Sources */,
			);
			runOnlyForDeploymentPostprocessing = 0;
		};
/* End PBXSourcesBuildPhase section */

/* Begin PBXVariantGroup section */
		D0EB30C625BDC22C00F83325 /* LaunchScreen.storyboard */ = {
			isa = PBXVariantGroup;
			children = (
				D0EB30C725BDC22C00F83325 /* Base */,
			);
			name = LaunchScreen.storyboard;
			sourceTree = "<group>";
		};
/* End PBXVariantGroup section */

/* Begin XCBuildConfiguration section */
		D0EB30CA25BDC22C00F83325 /* Debug */ = {
			isa = XCBuildConfiguration;
			buildSettings = {
				ALWAYS_SEARCH_USER_PATHS = NO;
				CLANG_ANALYZER_NONNULL = YES;
				CLANG_ANALYZER_NUMBER_OBJECT_CONVERSION = YES_AGGRESSIVE;
				CLANG_CXX_LANGUAGE_STANDARD = "gnu++14";
				CLANG_CXX_LIBRARY = "libc++";
				CLANG_ENABLE_MODULES = YES;
				CLANG_ENABLE_OBJC_ARC = YES;
				CLANG_ENABLE_OBJC_WEAK = YES;
				CLANG_WARN_BLOCK_CAPTURE_AUTORELEASING = YES;
				CLANG_WARN_BOOL_CONVERSION = YES;
				CLANG_WARN_COMMA = YES;
				CLANG_WARN_CONSTANT_CONVERSION = YES;
				CLANG_WARN_DEPRECATED_OBJC_IMPLEMENTATIONS = YES;
				CLANG_WARN_DIRECT_OBJC_ISA_USAGE = YES_ERROR;
				CLANG_WARN_DOCUMENTATION_COMMENTS = YES;
				CLANG_WARN_EMPTY_BODY = YES;
				CLANG_WARN_ENUM_CONVERSION = YES;
				CLANG_WARN_INFINITE_RECURSION = YES;
				CLANG_WARN_INT_CONVERSION = YES;
				CLANG_WARN_NON_LITERAL_NULL_CONVERSION = YES;
				CLANG_WARN_OBJC_IMPLICIT_RETAIN_SELF = YES;
				CLANG_WARN_OBJC_LITERAL_CONVERSION = YES;
				CLANG_WARN_OBJC_ROOT_CLASS = YES_ERROR;
				CLANG_WARN_QUOTED_INCLUDE_IN_FRAMEWORK_HEADER = YES;
				CLANG_WARN_RANGE_LOOP_ANALYSIS = YES;
				CLANG_WARN_STRICT_PROTOTYPES = YES;
				CLANG_WARN_SUSPICIOUS_MOVE = YES;
				CLANG_WARN_UNGUARDED_AVAILABILITY = YES_AGGRESSIVE;
				CLANG_WARN_UNREACHABLE_CODE = YES;
				CLANG_WARN__DUPLICATE_METHOD_MATCH = YES;
				COPY_PHASE_STRIP = NO;
				DEBUG_INFORMATION_FORMAT = dwarf;
				ENABLE_STRICT_OBJC_MSGSEND = YES;
				ENABLE_TESTABILITY = YES;
				GCC_C_LANGUAGE_STANDARD = gnu11;
				GCC_DYNAMIC_NO_PIC = NO;
				GCC_NO_COMMON_BLOCKS = YES;
				GCC_OPTIMIZATION_LEVEL = 0;
				GCC_PREPROCESSOR_DEFINITIONS = (
					"DEBUG=1",
					"$(inherited)",
				);
				GCC_WARN_64_TO_32_BIT_CONVERSION = YES;
				GCC_WARN_ABOUT_RETURN_TYPE = YES_ERROR;
				GCC_WARN_UNDECLARED_SELECTOR = YES;
				GCC_WARN_UNINITIALIZED_AUTOS = YES_AGGRESSIVE;
				GCC_WARN_UNUSED_FUNCTION = YES;
				GCC_WARN_UNUSED_VARIABLE = YES;
				IPHONEOS_DEPLOYMENT_TARGET = 14.3;
				MTL_ENABLE_DEBUG_INFO = INCLUDE_SOURCE;
				MTL_FAST_MATH = YES;
				ONLY_ACTIVE_ARCH = YES;
				SDKROOT = iphoneos;
				SWIFT_ACTIVE_COMPILATION_CONDITIONS = DEBUG;
				SWIFT_OPTIMIZATION_LEVEL = "-Onone";
			};
			name = Debug;
		};
		D0EB30CB25BDC22C00F83325 /* Release */ = {
			isa = XCBuildConfiguration;
			buildSettings = {
				ALWAYS_SEARCH_USER_PATHS = NO;
				CLANG_ANALYZER_NONNULL = YES;
				CLANG_ANALYZER_NUMBER_OBJECT_CONVERSION = YES_AGGRESSIVE;
				CLANG_CXX_LANGUAGE_STANDARD = "gnu++14";
				CLANG_CXX_LIBRARY = "libc++";
				CLANG_ENABLE_MODULES = YES;
				CLANG_ENABLE_OBJC_ARC = YES;
				CLANG_ENABLE_OBJC_WEAK = YES;
				CLANG_WARN_BLOCK_CAPTURE_AUTORELEASING = YES;
				CLANG_WARN_BOOL_CONVERSION = YES;
				CLANG_WARN_COMMA = YES;
				CLANG_WARN_CONSTANT_CONVERSION = YES;
				CLANG_WARN_DEPRECATED_OBJC_IMPLEMENTATIONS = YES;
				CLANG_WARN_DIRECT_OBJC_ISA_USAGE = YES_ERROR;
				CLANG_WARN_DOCUMENTATION_COMMENTS = YES;
				CLANG_WARN_EMPTY_BODY = YES;
				CLANG_WARN_ENUM_CONVERSION = YES;
				CLANG_WARN_INFINITE_RECURSION = YES;
				CLANG_WARN_INT_CONVERSION = YES;
				CLANG_WARN_NON_LITERAL_NULL_CONVERSION = YES;
				CLANG_WARN_OBJC_IMPLICIT_RETAIN_SELF = YES;
				CLANG_WARN_OBJC_LITERAL_CONVERSION = YES;
				CLANG_WARN_OBJC_ROOT_CLASS = YES_ERROR;
				CLANG_WARN_QUOTED_INCLUDE_IN_FRAMEWORK_HEADER = YES;
				CLANG_WARN_RANGE_LOOP_ANALYSIS = YES;
				CLANG_WARN_STRICT_PROTOTYPES = YES;
				CLANG_WARN_SUSPICIOUS_MOVE = YES;
				CLANG_WARN_UNGUARDED_AVAILABILITY = YES_AGGRESSIVE;
				CLANG_WARN_UNREACHABLE_CODE = YES;
				CLANG_WARN__DUPLICATE_METHOD_MATCH = YES;
				COPY_PHASE_STRIP = NO;
				DEBUG_INFORMATION_FORMAT = "dwarf-with-dsym";
				ENABLE_NS_ASSERTIONS = NO;
				ENABLE_STRICT_OBJC_MSGSEND = YES;
				GCC_C_LANGUAGE_STANDARD = gnu11;
				GCC_NO_COMMON_BLOCKS = YES;
				GCC_WARN_64_TO_32_BIT_CONVERSION = YES;
				GCC_WARN_ABOUT_RETURN_TYPE = YES_ERROR;
				GCC_WARN_UNDECLARED_SELECTOR = YES;
				GCC_WARN_UNINITIALIZED_AUTOS = YES_AGGRESSIVE;
				GCC_WARN_UNUSED_FUNCTION = YES;
				GCC_WARN_UNUSED_VARIABLE = YES;
				IPHONEOS_DEPLOYMENT_TARGET = 14.3;
				MTL_ENABLE_DEBUG_INFO = NO;
				MTL_FAST_MATH = YES;
				SDKROOT = iphoneos;
				SWIFT_COMPILATION_MODE = wholemodule;
				SWIFT_OPTIMIZATION_LEVEL = "-O";
				VALIDATE_PRODUCT = YES;
			};
			name = Release;
		};
		D0EB30CD25BDC22C00F83325 /* Debug */ = {
			isa = XCBuildConfiguration;
			buildSettings = {
				ASSETCATALOG_COMPILER_APPICON_NAME = AppIcon;
				ASSETCATALOG_COMPILER_GLOBAL_ACCENT_COLOR_NAME = AccentColor;
				CODE_SIGN_IDENTITY = "Apple Development";
				CODE_SIGN_STYLE = Automatic;
				DEVELOPMENT_TEAM = BWMJMJK727;
				INFOPLIST_FILE = ARKit_LIFULL_MISSION/Info.plist;
				LD_RUNPATH_SEARCH_PATHS = (
					"$(inherited)",
					"@executable_path/Frameworks",
				);
				PRODUCT_BUNDLE_IDENTIFIER = "com.gmail.ikeh1024.ARKit-LIFULL-MISSION";
				PRODUCT_NAME = "$(TARGET_NAME)";
				PROVISIONING_PROFILE_SPECIFIER = "";
				SWIFT_VERSION = 5.0;
				TARGETED_DEVICE_FAMILY = "1,2";
			};
			name = Debug;
		};
		D0EB30CE25BDC22C00F83325 /* Release */ = {
			isa = XCBuildConfiguration;
			buildSettings = {
				ASSETCATALOG_COMPILER_APPICON_NAME = AppIcon;
				ASSETCATALOG_COMPILER_GLOBAL_ACCENT_COLOR_NAME = AccentColor;
				CODE_SIGN_IDENTITY = "Apple Development";
				CODE_SIGN_STYLE = Automatic;
				DEVELOPMENT_TEAM = BWMJMJK727;
				INFOPLIST_FILE = ARKit_LIFULL_MISSION/Info.plist;
				LD_RUNPATH_SEARCH_PATHS = (
					"$(inherited)",
					"@executable_path/Frameworks",
				);
				PRODUCT_BUNDLE_IDENTIFIER = "com.gmail.ikeh1024.ARKit-LIFULL-MISSION";
				PRODUCT_NAME = "$(TARGET_NAME)";
				PROVISIONING_PROFILE_SPECIFIER = "";
				SWIFT_VERSION = 5.0;
				TARGETED_DEVICE_FAMILY = "1,2";
			};
			name = Release;
		};
/* End XCBuildConfiguration section */

/* Begin XCConfigurationList section */
		D0EB30B325BDC22900F83325 /* Build configuration list for PBXProject "ARKit_LIFULL_MISSION" */ = {
			isa = XCConfigurationList;
			buildConfigurations = (
				D0EB30CA25BDC22C00F83325 /* Debug */,
				D0EB30CB25BDC22C00F83325 /* Release */,
			);
			defaultConfigurationIsVisible = 0;
			defaultConfigurationName = Release;
		};
		D0EB30CC25BDC22C00F83325 /* Build configuration list for PBXNativeTarget "ARKit_LIFULL_MISSION" */ = {
			isa = XCConfigurationList;
			buildConfigurations = (
				D0EB30CD25BDC22C00F83325 /* Debug */,
				D0EB30CE25BDC22C00F83325 /* Release */,
			);
			defaultConfigurationIsVisible = 0;
			defaultConfigurationName = Release;
		};
/* End XCConfigurationList section */
	};
	rootObject = D0EB30B025BDC22900F83325 /* Project object */;
}
